
Microsoft Visual Studio Solution File, Format Version 12.00
# Visual Studio Version 16
VisualStudioVersion = 16.0.30804.86
MinimumVisualStudioVersion = 10.0.40219.1
Project("{FAE04EC0-301F-11D3-BF4B-00C04F79EFBC}") = "WebAppFirst", "WebAppFirst\WebAppFirst.csproj", "{825DDE78-FAB9-4DEE-85DA-0EB79DCACD7B}"
EndProject
Global
	GlobalSection(SolutionConfigurationPlatforms) = preSolution
		Debug|Any CPU = Debug|Any CPU
		Release|Any CPU = Release|Any CPU
	EndGlobalSection
	GlobalSection(ProjectConfigurationPlatforms) = postSolution
		{825DDE78-FAB9-4DEE-85DA-0EB79DCACD7B}.Debug|Any CPU.ActiveCfg = Debug|Any CPU
		{825DDE78-FAB9-4DEE-85DA-0EB79DCACD7B}.Debug|Any CPU.Build.0 = Debug|Any CPU
		{825DDE78-FAB9-4DEE-85DA-0EB79DCACD7B}.Release|Any CPU.ActiveCfg = Release|Any CPU
		{825DDE78-FAB9-4DEE-85DA-0EB79DCACD7B}.Release|Any CPU.Build.0 = Release|Any CPU
	EndGlobalSection
	GlobalSection(SolutionProperties) = preSolution
		HideSolutionNode = FALSE
	EndGlobalSection
	GlobalSection(ExtensibilityGlobals) = postSolution
		SolutionGuid = {124DCC99-4F8D-4300-9F09-FF5265699119}
	EndGlobalSection
EndGlobal
